{
  "version": "4",
  "specifiers": {
    "npm:@effect/platform-node@latest": "0.68.2_@effect+platform@0.72.2__effect@3.12.2_effect@3.12.2",
    "npm:@effect/platform@latest": "0.72.2_effect@3.12.2",
    "npm:@types/node@*": "22.5.4",
    "npm:create-effect-app@latest": "0.0.6",
    "npm:effect@latest": "3.12.2"
  },
  "npm": {
    "@effect/platform-node-shared@0.22.2_@effect+platform@0.72.2__effect@3.12.2_effect@3.12.2": {
      "integrity": "sha512-LRmcC2NSzxdJLXc22tHuTau63Mn/TjOz5UKEAcVCOrNTnDx1zXTP4UwDTkvlko6P8PEUElMqjcUOr2jwR19/UQ==",
      "dependencies": [
        "@effect/platform",
        "@parcel/watcher",
        "effect",
        "multipasta"
      ]
    },
    "@effect/platform-node@0.68.2_@effect+platform@0.72.2__effect@3.12.2_effect@3.12.2": {
      "integrity": "sha512-+eufA82A1ObZWrWDPPcCCRpo+WZ5J32oeA3VDSiznqKcd97FxlHMf4M8WoHt/sx4zxpKrGPwTlnKXCTENiXU0Q==",
      "dependencies": [
        "@effect/platform",
        "@effect/platform-node-shared",
        "effect",
        "mime",
        "undici",
        "ws"
      ]
    },
    "@effect/platform@0.72.2_effect@3.12.2": {
      "integrity": "sha512-7oWNTyrlkDoopA2kEm2s3M1VAJETnIK/bVlW4qqEVbKLern8znPotIx1fRNtTIUANPKhUMclC3Jt+R+3UEUdUw==",
      "dependencies": [
        "effect",
        "find-my-way-ts",
        "multipasta"
      ]
    },
    "@parcel/watcher-android-arm64@2.5.0": {
      "integrity": "sha512-qlX4eS28bUcQCdribHkg/herLe+0A9RyYC+mm2PXpncit8z5b3nSqGVzMNR3CmtAOgRutiZ02eIJJgP/b1iEFQ=="
    },
    "@parcel/watcher-darwin-arm64@2.5.0": {
      "integrity": "sha512-hyZ3TANnzGfLpRA2s/4U1kbw2ZI4qGxaRJbBH2DCSREFfubMswheh8TeiC1sGZ3z2jUf3s37P0BBlrD3sjVTUw=="
    },
    "@parcel/watcher-darwin-x64@2.5.0": {
      "integrity": "sha512-9rhlwd78saKf18fT869/poydQK8YqlU26TMiNg7AIu7eBp9adqbJZqmdFOsbZ5cnLp5XvRo9wcFmNHgHdWaGYA=="
    },
    "@parcel/watcher-freebsd-x64@2.5.0": {
      "integrity": "sha512-syvfhZzyM8kErg3VF0xpV8dixJ+RzbUaaGaeb7uDuz0D3FK97/mZ5AJQ3XNnDsXX7KkFNtyQyFrXZzQIcN49Tw=="
    },
    "@parcel/watcher-linux-arm-glibc@2.5.0": {
      "integrity": "sha512-0VQY1K35DQET3dVYWpOaPFecqOT9dbuCfzjxoQyif1Wc574t3kOSkKevULddcR9znz1TcklCE7Ht6NIxjvTqLA=="
    },
    "@parcel/watcher-linux-arm-musl@2.5.0": {
      "integrity": "sha512-6uHywSIzz8+vi2lAzFeltnYbdHsDm3iIB57d4g5oaB9vKwjb6N6dRIgZMujw4nm5r6v9/BQH0noq6DzHrqr2pA=="
    },
    "@parcel/watcher-linux-arm64-glibc@2.5.0": {
      "integrity": "sha512-BfNjXwZKxBy4WibDb/LDCriWSKLz+jJRL3cM/DllnHH5QUyoiUNEp3GmL80ZqxeumoADfCCP19+qiYiC8gUBjA=="
    },
    "@parcel/watcher-linux-arm64-musl@2.5.0": {
      "integrity": "sha512-S1qARKOphxfiBEkwLUbHjCY9BWPdWnW9j7f7Hb2jPplu8UZ3nes7zpPOW9bkLbHRvWM0WDTsjdOTUgW0xLBN1Q=="
    },
    "@parcel/watcher-linux-x64-glibc@2.5.0": {
      "integrity": "sha512-d9AOkusyXARkFD66S6zlGXyzx5RvY+chTP9Jp0ypSTC9d4lzyRs9ovGf/80VCxjKddcUvnsGwCHWuF2EoPgWjw=="
    },
    "@parcel/watcher-linux-x64-musl@2.5.0": {
      "integrity": "sha512-iqOC+GoTDoFyk/VYSFHwjHhYrk8bljW6zOhPuhi5t9ulqiYq1togGJB5e3PwYVFFfeVgc6pbz3JdQyDoBszVaA=="
    },
    "@parcel/watcher-win32-arm64@2.5.0": {
      "integrity": "sha512-twtft1d+JRNkM5YbmexfcH/N4znDtjgysFaV9zvZmmJezQsKpkfLYJ+JFV3uygugK6AtIM2oADPkB2AdhBrNig=="
    },
    "@parcel/watcher-win32-ia32@2.5.0": {
      "integrity": "sha512-+rgpsNRKwo8A53elqbbHXdOMtY/tAtTzManTWShB5Kk54N8Q9mzNWV7tV+IbGueCbcj826MfWGU3mprWtuf1TA=="
    },
    "@parcel/watcher-win32-x64@2.5.0": {
      "integrity": "sha512-lPrxve92zEHdgeff3aiu4gDOIt4u7sJYha6wbdEZDCDUhtjTsOMiaJzG5lMY4GkWH8p0fMmO2Ppq5G5XXG+DQw=="
    },
    "@parcel/watcher@2.5.0": {
      "integrity": "sha512-i0GV1yJnm2n3Yq1qw6QrUrd/LI9bE8WEBOTtOkpCXHHdyN3TAGgqAK/DAT05z4fq2x04cARXt2pDmjWjL92iTQ==",
      "dependencies": [
        "@parcel/watcher-android-arm64",
        "@parcel/watcher-darwin-arm64",
        "@parcel/watcher-darwin-x64",
        "@parcel/watcher-freebsd-x64",
        "@parcel/watcher-linux-arm-glibc",
        "@parcel/watcher-linux-arm-musl",
        "@parcel/watcher-linux-arm64-glibc",
        "@parcel/watcher-linux-arm64-musl",
        "@parcel/watcher-linux-x64-glibc",
        "@parcel/watcher-linux-x64-musl",
        "@parcel/watcher-win32-arm64",
        "@parcel/watcher-win32-ia32",
        "@parcel/watcher-win32-x64",
        "detect-libc",
        "is-glob",
        "micromatch",
        "node-addon-api"
      ]
    },
    "@types/node@22.5.4": {
      "integrity": "sha512-FDuKUJQm/ju9fT/SeX/6+gBzoPzlVCzfzmGkwKvRHQVxi4BntVbyIwf6a4Xn62mrvndLiml6z/UBXIdEVjQLXg==",
      "dependencies": [
        "undici-types"
      ]
    },
    "braces@3.0.3": {
      "integrity": "sha512-yQbXgO/OSZVD2IsiLlro+7Hf6Q18EJrKSEsdoMzKePKXct3gvD8oLcOQdIzGupr5Fj+EDe8gO/lxc1BzfMpxvA==",
      "dependencies": [
        "fill-range"
      ]
    },
    "create-effect-app@0.0.6": {
      "integrity": "sha512-Q+js6WU/z54fUjP8LN8J42ncmMnYknyBB0vKQUf17tNqv8jRbqOCsKra5DyhMDEFUNaoKPK/KdMcyfqrvXRuhg=="
    },
    "detect-libc@1.0.3": {
      "integrity": "sha512-pGjwhsmsp4kL2RTz08wcOlGN83otlqHeD/Z5T8GXZB+/YcpQ/dgo+lbU8ZsGxV0HIvqqxo9l7mqYwyYMD9bKDg=="
    },
    "effect@3.12.2": {
      "integrity": "sha512-PslVtcxwapLj95icHZJ/ribCS4O26I4o8ga9zzSdLqRTPRBobwbLTJ2E/Bzim5knJjTutfNdVHOGzl8FW03K5Q==",
      "dependencies": [
        "fast-check"
      ]
    },
    "fast-check@3.23.2": {
      "integrity": "sha512-h5+1OzzfCC3Ef7VbtKdcv7zsstUQwUDlYpUTvjeUsJAssPgLn7QzbboPtL5ro04Mq0rPOsMzl7q5hIbRs2wD1A==",
      "dependencies": [
        "pure-rand"
      ]
    },
    "fill-range@7.1.1": {
      "integrity": "sha512-YsGpe3WHLK8ZYi4tWDg2Jy3ebRz2rXowDxnld4bkQB00cc/1Zw9AWnC0i9ztDJitivtQvaI9KaLyKrc+hBW0yg==",
      "dependencies": [
        "to-regex-range"
      ]
    },
    "find-my-way-ts@0.1.5": {
      "integrity": "sha512-4GOTMrpGQVzsCH2ruUn2vmwzV/02zF4q+ybhCIrw/Rkt3L8KWcycdC6aJMctJzwN4fXD4SD5F/4B9Sksh5rE0A=="
    },
    "is-extglob@2.1.1": {
      "integrity": "sha512-SbKbANkN603Vi4jEZv49LeVJMn4yGwsbzZworEoyEiutsN3nJYdbO36zfhGJ6QEDpOZIFkDtnq5JRxmvl3jsoQ=="
    },
    "is-glob@4.0.3": {
      "integrity": "sha512-xelSayHH36ZgE7ZWhli7pW34hNbNl8Ojv5KVmkJD4hBdD3th8Tfk9vYasLM+mXWOZhFkgZfxhLSnrwRr4elSSg==",
      "dependencies": [
        "is-extglob"
      ]
    },
    "is-number@7.0.0": {
      "integrity": "sha512-41Cifkg6e8TylSpdtTpeLVMqvSBEVzTttHvERD741+pnZ8ANv0004MRL43QKPDlK9cGvNp6NZWZUBlbGXYxxng=="
    },
    "micromatch@4.0.7": {
      "integrity": "sha512-LPP/3KorzCwBxfeUuZmaR6bG2kdeHSbe0P2tY3FLRU4vYrjYz5hI4QZwV0njUx3jeuKe67YukQ1LSPZBKDqO/Q==",
      "dependencies": [
        "braces",
        "picomatch"
      ]
    },
    "mime@3.0.0": {
      "integrity": "sha512-jSCU7/VB1loIWBZe14aEYHU/+1UMEHoaO7qxCOVJOw9GgH72VAWppxNcjU+x9a2k3GSIBXNKxXQFqRvvZ7vr3A=="
    },
    "multipasta@0.2.5": {
      "integrity": "sha512-c8eMDb1WwZcE02WVjHoOmUVk7fnKU/RmUcosHACglrWAuPQsEJv+E8430sXj6jNc1jHw0zrS16aCjQh4BcEb4A=="
    },
    "node-addon-api@7.1.1": {
      "integrity": "sha512-5m3bsyrjFWE1xf7nz7YXdN4udnVtXK6/Yfgn5qnahL6bCkf2yKt4k3nuTKAtT4r3IG8JNR2ncsIMdZuAzJjHQQ=="
    },
    "picomatch@2.3.1": {
      "integrity": "sha512-JU3teHTNjmE2VCGFzuY8EXzCDVwEqB2a8fsIvwaStHhAWJEeVd1o1QD80CU6+ZdEXXSLbSsuLwJjkCBWqRQUVA=="
    },
    "pure-rand@6.1.0": {
      "integrity": "sha512-bVWawvoZoBYpp6yIoQtQXHZjmz35RSVHnUOTefl8Vcjr8snTPY1wnpSPMWekcFwbxI6gtmT7rSYPFvz71ldiOA=="
    },
    "to-regex-range@5.0.1": {
      "integrity": "sha512-65P7iz6X5yEr1cwcgvQxbbIw7Uk3gOy5dIdtZ4rDveLqhrdJP+Li/Hx6tyK0NEb+2GCyneCMJiGqrADCSNk8sQ==",
      "dependencies": [
        "is-number"
      ]
    },
    "undici-types@6.19.8": {
      "integrity": "sha512-ve2KP6f/JnbPBFyobGHuerC9g1FYGn/F8n1LWTwNxCEzd6IfqTwUQcNXgEtmmQ6DlRrC1hrSrBnCZPokRrDHjw=="
    },
    "undici@7.2.1": {
      "integrity": "sha512-U2k0XHLJfaciARRxDcqTk2AZQsGXerHzdvfCZcy1hNhSf5KCAF4jIQQxL+apQviOekhRFPqED6Of5/+LcUSLzQ=="
    },
    "ws@8.18.0": {
      "integrity": "sha512-8VbfWfHLbbwu3+N6OKsOMpBdT4kXPDDB9cJk2bJ6mh9ucxdlnNvH1e+roYkKmN9Nxw2yjz7VzeO9oOz2zJ04Pw=="
    }
  },
  "workspace": {
    "dependencies": [
      "npm:effect@latest"
    ],
    "members": {
      "packages/domain": {
        "dependencies": [
          "npm:@effect/platform@latest"
        ]
      },
      "packages/persistence": {
        "dependencies": [
          "npm:@effect/platform@latest"
        ]
      },
      "packages/server": {
        "dependencies": [
          "npm:@effect/platform-node@latest",
          "npm:@effect/platform@latest"
        ]
      },
      "packages/service": {
        "dependencies": [
          "npm:@effect/platform@latest"
        ]
      }
    }
  }
}
